
Microsoft Visual Studio Solution File, Format Version 12.00
# Visual Studio Version 16
VisualStudioVersion = 16.0.33130.400
MinimumVisualStudioVersion = 10.0.40219.1
Project("{FAE04EC0-301F-11D3-BF4B-00C04F79EFBC}") = "Wpf-16.2", "Wpf-16.2\Wpf-16.2.csproj", "{59D67B12-5EE0-4CE9-8BB8-EBA0E83270F8}"
EndProject
Global
	GlobalSection(SolutionConfigurationPlatforms) = preSolution
		Debug|Any CPU = Debug|Any CPU
		Release|Any CPU = Release|Any CPU
	EndGlobalSection
	GlobalSection(ProjectConfigurationPlatforms) = postSolution
		{59D67B12-5EE0-4CE9-8BB8-EBA0E83270F8}.Debug|Any CPU.ActiveCfg = Debug|Any CPU
		{59D67B12-5EE0-4CE9-8BB8-EBA0E83270F8}.Debug|Any CPU.Build.0 = Debug|Any CPU
		{59D67B12-5EE0-4CE9-8BB8-EBA0E83270F8}.Release|Any CPU.ActiveCfg = Release|Any CPU
		{59D67B12-5EE0-4CE9-8BB8-EBA0E83270F8}.Release|Any CPU.Build.0 = Release|Any CPU
	EndGlobalSection
	GlobalSection(SolutionProperties) = preSolution
		HideSolutionNode = FALSE
	EndGlobalSection
	GlobalSection(ExtensibilityGlobals) = postSolution
		SolutionGuid = {444ED0EA-73CD-4395-93C5-1F4756D35DF0}
	EndGlobalSection
EndGlobal
